
Microsoft Visual Studio Solution File, Format Version 12.00
# Visual Studio Version 17
VisualStudioVersion = 17.0.32002.185
MinimumVisualStudioVersion = 10.0.40219.1
Project("{FAE04EC0-301F-11D3-BF4B-00C04F79EFBC}") = "ValheimBackupManager", "ValheimBackupManager\ValheimBackupManager.csproj", "{798B911F-0330-4D6F-BE79-B1E0941D3499}"
EndProject
Project("{54435603-DBB4-11D2-8724-00A0C9A8B90C}") = "ValheimBackupManagerSetup", "ValheimBackupManagerSetup\ValheimBackupManagerSetup.vdproj", "{AA1E6EC9-AC07-4D4F-A3A2-A321F6035FC5}"
EndProject
Global
	GlobalSection(SolutionConfigurationPlatforms) = preSolution
		Debug|Any CPU = Debug|Any CPU
		Release|Any CPU = Release|Any CPU
	EndGlobalSection
	GlobalSection(ProjectConfigurationPlatforms) = postSolution
		{798B911F-0330-4D6F-BE79-B1E0941D3499}.Debug|Any CPU.ActiveCfg = Debug|Any CPU
		{798B911F-0330-4D6F-BE79-B1E0941D3499}.Debug|Any CPU.Build.0 = Debug|Any CPU
		{798B911F-0330-4D6F-BE79-B1E0941D3499}.Release|Any CPU.ActiveCfg = Release|Any CPU
		{798B911F-0330-4D6F-BE79-B1E0941D3499}.Release|Any CPU.Build.0 = Release|Any CPU
		{AA1E6EC9-AC07-4D4F-A3A2-A321F6035FC5}.Debug|Any CPU.ActiveCfg = Debug
		{AA1E6EC9-AC07-4D4F-A3A2-A321F6035FC5}.Release|Any CPU.ActiveCfg = Release
	EndGlobalSection
	GlobalSection(SolutionProperties) = preSolution
		HideSolutionNode = FALSE
	EndGlobalSection
	GlobalSection(ExtensibilityGlobals) = postSolution
		SolutionGuid = {54383260-DB53-4CE9-B461-5097E7C8D21A}
	EndGlobalSection
EndGlobal
